FORGE
  remote: https://forgeapi.puppetlabs.com
  specs:
    elasticsearch-elasticsearch (0.4.0)
      puppetlabs-stdlib (>= 3.2.0)
    example42-php (2.0.17)
      example42-puppi (>= 2.0.0)
    example42-puppi (2.1.10)
    jfryman-nginx (0.0.10)
      puppetlabs-apt (>= 1.0.0)
      puppetlabs-concat (>= 1.1.0)
      puppetlabs-stdlib (>= 3.0.0)
    maestrodev-wget (1.5.6)
    puppetlabs-apt (1.6.0)
      puppetlabs-stdlib (>= 2.2.1)
    puppetlabs-concat (1.1.1)
      puppetlabs-stdlib (< 5.0.0, >= 3.2.0)
    puppetlabs-git (0.2.0)
      puppetlabs-vcsrepo (>= 0.1.0)
    puppetlabs-mysql (2.3.1)
      puppetlabs-stdlib (>= 3.2.0)
    puppetlabs-ntp (3.2.1)
      puppetlabs-stdlib (< 5.0.0, >= 3.2.0)
    puppetlabs-stdlib (4.3.2)
    puppetlabs-vcsrepo (1.1.0)
    willdurand-composer (1.0.0)
      maestrodev-wget (>= 1.2.0)

DEPENDENCIES
  elasticsearch-elasticsearch (= 0.4.0)
  example42-php (= 2.0.17)
  jfryman-nginx (= 0.0.10)
  puppetlabs-apt (>= 0)
  puppetlabs-concat (>= 0)
  puppetlabs-git (>= 0)
  puppetlabs-mysql (>= 0)
  puppetlabs-ntp (>= 0)
  puppetlabs-stdlib (>= 0)
  willdurand-composer (>= 0)